// !$*UTF8*$!
{
	archiveVersion = 1;
	classes = {
	};
	objectVersion = 51;
	objects = {

/* Begin PBXBuildFile section */
		2DE24385E1CF046677F6298C /* Pods_BooksyWeather_BooksyWeatherUITests.framework in Frameworks */ = {isa = PBXBuildFile; fileRef = 74B863B046B3F627E2FCC2EB /* Pods_BooksyWeather_BooksyWeatherUITests.framework */; };
		586DFD09C9FB895BD66C0120 /* Pods_BooksyWeatherTests.framework in Frameworks */ = {isa = PBXBuildFile; fileRef = 4AD894A8417742CC9D08A70D /* Pods_BooksyWeatherTests.framework */; };
		611AB19823981A5B0047A065 /* NetworkManager.swift in Sources */ = {isa = PBXBuildFile; fileRef = 611AB19723981A5B0047A065 /* NetworkManager.swift */; };
		611AB19A239991670047A065 /* PresentWeatherView.swift in Sources */ = {isa = PBXBuildFile; fileRef = 611AB199239991670047A065 /* PresentWeatherView.swift */; };
		611AB19C23999A2A0047A065 /* Location.swift in Sources */ = {isa = PBXBuildFile; fileRef = 611AB19B23999A2A0047A065 /* Location.swift */; };
		611AB1A123999C870047A065 /* UserData.swift in Sources */ = {isa = PBXBuildFile; fileRef = 611AB1A023999C870047A065 /* UserData.swift */; };
		6126AD4E239D58F700AFB930 /* Clouds.swift in Sources */ = {isa = PBXBuildFile; fileRef = 6126AD4D239D58F700AFB930 /* Clouds.swift */; };
		6126AD50239D591500AFB930 /* Coord.swift in Sources */ = {isa = PBXBuildFile; fileRef = 6126AD4F239D591500AFB930 /* Coord.swift */; };
		6126AD52239D592E00AFB930 /* Main.swift in Sources */ = {isa = PBXBuildFile; fileRef = 6126AD51239D592E00AFB930 /* Main.swift */; };
		6126AD54239D594500AFB930 /* Sys.swift in Sources */ = {isa = PBXBuildFile; fileRef = 6126AD53239D594500AFB930 /* Sys.swift */; };
		6126AD56239D595500AFB930 /* Weather.swift in Sources */ = {isa = PBXBuildFile; fileRef = 6126AD55239D595500AFB930 /* Weather.swift */; };
		6126AD58239D596900AFB930 /* Wind.swift in Sources */ = {isa = PBXBuildFile; fileRef = 6126AD57239D596900AFB930 /* Wind.swift */; };
		6126AD5A239D713200AFB930 /* City.swift in Sources */ = {isa = PBXBuildFile; fileRef = 6126AD59239D713200AFB930 /* City.swift */; };
		6126AD5C239D71AB00AFB930 /* List.swift in Sources */ = {isa = PBXBuildFile; fileRef = 6126AD5B239D71AB00AFB930 /* List.swift */; };
		612F621C23970FEE003238A4 /* AppDelegate.swift in Sources */ = {isa = PBXBuildFile; fileRef = 612F621B23970FEE003238A4 /* AppDelegate.swift */; };
		612F621E23970FEE003238A4 /* SceneDelegate.swift in Sources */ = {isa = PBXBuildFile; fileRef = 612F621D23970FEE003238A4 /* SceneDelegate.swift */; };
		612F622023970FEE003238A4 /* MainViewController.swift in Sources */ = {isa = PBXBuildFile; fileRef = 612F621F23970FEE003238A4 /* MainViewController.swift */; };
		612F622523970FF0003238A4 /* Assets.xcassets in Resources */ = {isa = PBXBuildFile; fileRef = 612F622423970FF0003238A4 /* Assets.xcassets */; };
		612F622823970FF0003238A4 /* LaunchScreen.storyboard in Resources */ = {isa = PBXBuildFile; fileRef = 612F622623970FF0003238A4 /* LaunchScreen.storyboard */; };
		612F623323970FF0003238A4 /* BooksyWeatherTests.swift in Sources */ = {isa = PBXBuildFile; fileRef = 612F623223970FF0003238A4 /* BooksyWeatherTests.swift */; };
		612F623E23970FF0003238A4 /* BooksyWeatherUITests.swift in Sources */ = {isa = PBXBuildFile; fileRef = 612F623D23970FF0003238A4 /* BooksyWeatherUITests.swift */; };
		615E4B9C239B17F3003EF6FC /* MainViewModel.swift in Sources */ = {isa = PBXBuildFile; fileRef = 615E4B9B239B17F3003EF6FC /* MainViewModel.swift */; };
		615E4B9E239B2405003EF6FC /* SettingsViewController.swift in Sources */ = {isa = PBXBuildFile; fileRef = 615E4B9D239B2405003EF6FC /* SettingsViewController.swift */; };
		615E4BA0239B240F003EF6FC /* LocationsViewController.swift in Sources */ = {isa = PBXBuildFile; fileRef = 615E4B9F239B240F003EF6FC /* LocationsViewController.swift */; };
		615E4BA2239B242A003EF6FC /* LocationsViewModel.swift in Sources */ = {isa = PBXBuildFile; fileRef = 615E4BA1239B242A003EF6FC /* LocationsViewModel.swift */; };
		615E4BA4239B243B003EF6FC /* SettingsViewModel.swift in Sources */ = {isa = PBXBuildFile; fileRef = 615E4BA3239B243B003EF6FC /* SettingsViewModel.swift */; };
		DD2AF7858AB761F5EACE4D2B /* Pods_BooksyWeather.framework in Frameworks */ = {isa = PBXBuildFile; fileRef = 8A0A9F12A1F24029AAA11364 /* Pods_BooksyWeather.framework */; };
/* End PBXBuildFile section */

/* Begin PBXContainerItemProxy section */
		612F622F23970FF0003238A4 /* PBXContainerItemProxy */ = {
			isa = PBXContainerItemProxy;
			containerPortal = 612F621023970FEE003238A4 /* Project object */;
			proxyType = 1;
			remoteGlobalIDString = 612F621723970FEE003238A4;
			remoteInfo = BooksyWeather;
		};
		612F623A23970FF0003238A4 /* PBXContainerItemProxy */ = {
			isa = PBXContainerItemProxy;
			containerPortal = 612F621023970FEE003238A4 /* Project object */;
			proxyType = 1;
			remoteGlobalIDString = 612F621723970FEE003238A4;
			remoteInfo = BooksyWeather;
		};
/* End PBXContainerItemProxy section */

/* Begin PBXFileReference section */
		0BB9CD3C0D10166DD6E20086 /* Pods-BooksyWeather-BooksyWeatherUITests.release.xcconfig */ = {isa = PBXFileReference; includeInIndex = 1; lastKnownFileType = text.xcconfig; name = "Pods-BooksyWeather-BooksyWeatherUITests.release.xcconfig"; path = "Target Support Files/Pods-BooksyWeather-BooksyWeatherUITests/Pods-BooksyWeather-BooksyWeatherUITests.release.xcconfig"; sourceTree = "<group>"; };
		1F434B10EEB75FB00D333682 /* Pods-BooksyWeather-BooksyWeatherUITests.debug.xcconfig */ = {isa = PBXFileReference; includeInIndex = 1; lastKnownFileType = text.xcconfig; name = "Pods-BooksyWeather-BooksyWeatherUITests.debug.xcconfig"; path = "Target Support Files/Pods-BooksyWeather-BooksyWeatherUITests/Pods-BooksyWeather-BooksyWeatherUITests.debug.xcconfig"; sourceTree = "<group>"; };
		298ADFCC22C3AA951369ED83 /* Pods-BooksyWeatherTests.release.xcconfig */ = {isa = PBXFileReference; includeInIndex = 1; lastKnownFileType = text.xcconfig; name = "Pods-BooksyWeatherTests.release.xcconfig"; path = "Target Support Files/Pods-BooksyWeatherTests/Pods-BooksyWeatherTests.release.xcconfig"; sourceTree = "<group>"; };
		32A14AD7B3C46B96942B70E1 /* Pods-BooksyWeather.debug.xcconfig */ = {isa = PBXFileReference; includeInIndex = 1; lastKnownFileType = text.xcconfig; name = "Pods-BooksyWeather.debug.xcconfig"; path = "Target Support Files/Pods-BooksyWeather/Pods-BooksyWeather.debug.xcconfig"; sourceTree = "<group>"; };
		4AD894A8417742CC9D08A70D /* Pods_BooksyWeatherTests.framework */ = {isa = PBXFileReference; explicitFileType = wrapper.framework; includeInIndex = 0; path = Pods_BooksyWeatherTests.framework; sourceTree = BUILT_PRODUCTS_DIR; };
		611AB19723981A5B0047A065 /* NetworkManager.swift */ = {isa = PBXFileReference; lastKnownFileType = sourcecode.swift; path = NetworkManager.swift; sourceTree = "<group>"; };
		611AB199239991670047A065 /* PresentWeatherView.swift */ = {isa = PBXFileReference; lastKnownFileType = sourcecode.swift; path = PresentWeatherView.swift; sourceTree = "<group>"; };
		611AB19B23999A2A0047A065 /* Location.swift */ = {isa = PBXFileReference; lastKnownFileType = sourcecode.swift; path = Location.swift; sourceTree = "<group>"; };
		611AB1A023999C870047A065 /* UserData.swift */ = {isa = PBXFileReference; lastKnownFileType = sourcecode.swift; path = UserData.swift; sourceTree = "<group>"; };
		6126AD4D239D58F700AFB930 /* Clouds.swift */ = {isa = PBXFileReference; lastKnownFileType = sourcecode.swift; path = Clouds.swift; sourceTree = "<group>"; };
		6126AD4F239D591500AFB930 /* Coord.swift */ = {isa = PBXFileReference; lastKnownFileType = sourcecode.swift; path = Coord.swift; sourceTree = "<group>"; };
		6126AD51239D592E00AFB930 /* Main.swift */ = {isa = PBXFileReference; lastKnownFileType = sourcecode.swift; path = Main.swift; sourceTree = "<group>"; };
		6126AD53239D594500AFB930 /* Sys.swift */ = {isa = PBXFileReference; lastKnownFileType = sourcecode.swift; path = Sys.swift; sourceTree = "<group>"; };
		6126AD55239D595500AFB930 /* Weather.swift */ = {isa = PBXFileReference; lastKnownFileType = sourcecode.swift; path = Weather.swift; sourceTree = "<group>"; };
		6126AD57239D596900AFB930 /* Wind.swift */ = {isa = PBXFileReference; lastKnownFileType = sourcecode.swift; path = Wind.swift; sourceTree = "<group>"; };
		6126AD59239D713200AFB930 /* City.swift */ = {isa = PBXFileReference; lastKnownFileType = sourcecode.swift; path = City.swift; sourceTree = "<group>"; };
		6126AD5B239D71AB00AFB930 /* List.swift */ = {isa = PBXFileReference; lastKnownFileType = sourcecode.swift; path = List.swift; sourceTree = "<group>"; };
		612F621823970FEE003238A4 /* BooksyWeather.app */ = {isa = PBXFileReference; explicitFileType = wrapper.application; includeInIndex = 0; path = BooksyWeather.app; sourceTree = BUILT_PRODUCTS_DIR; };
		612F621B23970FEE003238A4 /* AppDelegate.swift */ = {isa = PBXFileReference; lastKnownFileType = sourcecode.swift; path = AppDelegate.swift; sourceTree = "<group>"; };
		612F621D23970FEE003238A4 /* SceneDelegate.swift */ = {isa = PBXFileReference; lastKnownFileType = sourcecode.swift; path = SceneDelegate.swift; sourceTree = "<group>"; };
		612F621F23970FEE003238A4 /* MainViewController.swift */ = {isa = PBXFileReference; lastKnownFileType = sourcecode.swift; path = MainViewController.swift; sourceTree = "<group>"; };
		612F622423970FF0003238A4 /* Assets.xcassets */ = {isa = PBXFileReference; lastKnownFileType = folder.assetcatalog; path = Assets.xcassets; sourceTree = "<group>"; };
		612F622723970FF0003238A4 /* Base */ = {isa = PBXFileReference; lastKnownFileType = file.storyboard; name = Base; path = Base.lproj/LaunchScreen.storyboard; sourceTree = "<group>"; };
		612F622923970FF0003238A4 /* Info.plist */ = {isa = PBXFileReference; lastKnownFileType = text.plist.xml; path = Info.plist; sourceTree = "<group>"; };
		612F622E23970FF0003238A4 /* BooksyWeatherTests.xctest */ = {isa = PBXFileReference; explicitFileType = wrapper.cfbundle; includeInIndex = 0; path = BooksyWeatherTests.xctest; sourceTree = BUILT_PRODUCTS_DIR; };
		612F623223970FF0003238A4 /* BooksyWeatherTests.swift */ = {isa = PBXFileReference; lastKnownFileType = sourcecode.swift; path = BooksyWeatherTests.swift; sourceTree = "<group>"; };
		612F623423970FF0003238A4 /* Info.plist */ = {isa = PBXFileReference; lastKnownFileType = text.plist.xml; path = Info.plist; sourceTree = "<group>"; };
		612F623923970FF0003238A4 /* BooksyWeatherUITests.xctest */ = {isa = PBXFileReference; explicitFileType = wrapper.cfbundle; includeInIndex = 0; path = BooksyWeatherUITests.xctest; sourceTree = BUILT_PRODUCTS_DIR; };
		612F623D23970FF0003238A4 /* BooksyWeatherUITests.swift */ = {isa = PBXFileReference; lastKnownFileType = sourcecode.swift; path = BooksyWeatherUITests.swift; sourceTree = "<group>"; };
		612F623F23970FF0003238A4 /* Info.plist */ = {isa = PBXFileReference; lastKnownFileType = text.plist.xml; path = Info.plist; sourceTree = "<group>"; };
		615E4B9B239B17F3003EF6FC /* MainViewModel.swift */ = {isa = PBXFileReference; lastKnownFileType = sourcecode.swift; path = MainViewModel.swift; sourceTree = "<group>"; };
		615E4B9D239B2405003EF6FC /* SettingsViewController.swift */ = {isa = PBXFileReference; lastKnownFileType = sourcecode.swift; path = SettingsViewController.swift; sourceTree = "<group>"; };
		615E4B9F239B240F003EF6FC /* LocationsViewController.swift */ = {isa = PBXFileReference; lastKnownFileType = sourcecode.swift; path = LocationsViewController.swift; sourceTree = "<group>"; };
		615E4BA1239B242A003EF6FC /* LocationsViewModel.swift */ = {isa = PBXFileReference; lastKnownFileType = sourcecode.swift; path = LocationsViewModel.swift; sourceTree = "<group>"; };
		615E4BA3239B243B003EF6FC /* SettingsViewModel.swift */ = {isa = PBXFileReference; lastKnownFileType = sourcecode.swift; path = SettingsViewModel.swift; sourceTree = "<group>"; };
		74B863B046B3F627E2FCC2EB /* Pods_BooksyWeather_BooksyWeatherUITests.framework */ = {isa = PBXFileReference; explicitFileType = wrapper.framework; includeInIndex = 0; path = Pods_BooksyWeather_BooksyWeatherUITests.framework; sourceTree = BUILT_PRODUCTS_DIR; };
		8A0A9F12A1F24029AAA11364 /* Pods_BooksyWeather.framework */ = {isa = PBXFileReference; explicitFileType = wrapper.framework; includeInIndex = 0; path = Pods_BooksyWeather.framework; sourceTree = BUILT_PRODUCTS_DIR; };
		960B59B3763D8F5683A8AEF3 /* Pods-BooksyWeather.release.xcconfig */ = {isa = PBXFileReference; includeInIndex = 1; lastKnownFileType = text.xcconfig; name = "Pods-BooksyWeather.release.xcconfig"; path = "Target Support Files/Pods-BooksyWeather/Pods-BooksyWeather.release.xcconfig"; sourceTree = "<group>"; };
		A41DFD893BD05E95DE59F520 /* Pods-BooksyWeatherTests.debug.xcconfig */ = {isa = PBXFileReference; includeInIndex = 1; lastKnownFileType = text.xcconfig; name = "Pods-BooksyWeatherTests.debug.xcconfig"; path = "Target Support Files/Pods-BooksyWeatherTests/Pods-BooksyWeatherTests.debug.xcconfig"; sourceTree = "<group>"; };
/* End PBXFileReference section */

/* Begin PBXFrameworksBuildPhase section */
		612F621523970FEE003238A4 /* Frameworks */ = {
			isa = PBXFrameworksBuildPhase;
			buildActionMask = 2147483647;
			files = (
				DD2AF7858AB761F5EACE4D2B /* Pods_BooksyWeather.framework in Frameworks */,
			);
			runOnlyForDeploymentPostprocessing = 0;
		};
		612F622B23970FF0003238A4 /* Frameworks */ = {
			isa = PBXFrameworksBuildPhase;
			buildActionMask = 2147483647;
			files = (
				586DFD09C9FB895BD66C0120 /* Pods_BooksyWeatherTests.framework in Frameworks */,
			);
			runOnlyForDeploymentPostprocessing = 0;
		};
		612F623623970FF0003238A4 /* Frameworks */ = {
			isa = PBXFrameworksBuildPhase;
			buildActionMask = 2147483647;
			files = (
				2DE24385E1CF046677F6298C /* Pods_BooksyWeather_BooksyWeatherUITests.framework in Frameworks */,
			);
			runOnlyForDeploymentPostprocessing = 0;
		};
/* End PBXFrameworksBuildPhase section */

/* Begin PBXGroup section */
		611AB19523981A2B0047A065 /* Shared */ = {
			isa = PBXGroup;
			children = (
				611AB19623981A3F0047A065 /* Network */,
			);
			path = Shared;
			sourceTree = "<group>";
		};
		611AB19623981A3F0047A065 /* Network */ = {
			isa = PBXGroup;
			children = (
				611AB19723981A5B0047A065 /* NetworkManager.swift */,
			);
			path = Network;
			sourceTree = "<group>";
		};
		611AB19F23999BA70047A065 /* ViewModels */ = {
			isa = PBXGroup;
			children = (
				615E4B9B239B17F3003EF6FC /* MainViewModel.swift */,
				615E4BA1239B242A003EF6FC /* LocationsViewModel.swift */,
				615E4BA3239B243B003EF6FC /* SettingsViewModel.swift */,
			);
			path = ViewModels;
			sourceTree = "<group>";
		};
		612F620F23970FEE003238A4 = {
			isa = PBXGroup;
			children = (
				612F621A23970FEE003238A4 /* BooksyWeather */,
				612F623123970FF0003238A4 /* BooksyWeatherTests */,
				612F623C23970FF0003238A4 /* BooksyWeatherUITests */,
				612F621923970FEE003238A4 /* Products */,
				A4FABDC78F3F633F3EDFDB52 /* Pods */,
				F915D9A665E2C1BDD88AD53C /* Frameworks */,
			);
			sourceTree = "<group>";
		};
		612F621923970FEE003238A4 /* Products */ = {
			isa = PBXGroup;
			children = (
				612F621823970FEE003238A4 /* BooksyWeather.app */,
				612F622E23970FF0003238A4 /* BooksyWeatherTests.xctest */,
				612F623923970FF0003238A4 /* BooksyWeatherUITests.xctest */,
			);
			name = Products;
			sourceTree = "<group>";
		};
		612F621A23970FEE003238A4 /* BooksyWeather */ = {
			isa = PBXGroup;
			children = (
				612F624B23973387003238A4 /* Base */,
				611AB19523981A2B0047A065 /* Shared */,
				612F624F239733AE003238A4 /* Storyboards */,
				612F624C23973391003238A4 /* Entities */,
				611AB19F23999BA70047A065 /* ViewModels */,
				612F624E239733A2003238A4 /* Views */,
				612F624D23973398003238A4 /* ViewControllers */,
				612F621B23970FEE003238A4 /* AppDelegate.swift */,
				612F621D23970FEE003238A4 /* SceneDelegate.swift */,
				612F622423970FF0003238A4 /* Assets.xcassets */,
				612F622923970FF0003238A4 /* Info.plist */,
			);
			path = BooksyWeather;
			sourceTree = "<group>";
		};
		612F623123970FF0003238A4 /* BooksyWeatherTests */ = {
			isa = PBXGroup;
			children = (
				612F623223970FF0003238A4 /* BooksyWeatherTests.swift */,
				612F623423970FF0003238A4 /* Info.plist */,
			);
			path = BooksyWeatherTests;
			sourceTree = "<group>";
		};
		612F623C23970FF0003238A4 /* BooksyWeatherUITests */ = {
			isa = PBXGroup;
			children = (
				612F623D23970FF0003238A4 /* BooksyWeatherUITests.swift */,
				612F623F23970FF0003238A4 /* Info.plist */,
			);
			path = BooksyWeatherUITests;
			sourceTree = "<group>";
		};
		612F624B23973387003238A4 /* Base */ = {
			isa = PBXGroup;
			children = (
			);
			path = Base;
			sourceTree = "<group>";
		};
		612F624C23973391003238A4 /* Entities */ = {
			isa = PBXGroup;
			children = (
				611AB19B23999A2A0047A065 /* Location.swift */,
				6126AD4D239D58F700AFB930 /* Clouds.swift */,
				6126AD4F239D591500AFB930 /* Coord.swift */,
				6126AD51239D592E00AFB930 /* Main.swift */,
				6126AD53239D594500AFB930 /* Sys.swift */,
				6126AD55239D595500AFB930 /* Weather.swift */,
				6126AD57239D596900AFB930 /* Wind.swift */,
				611AB1A023999C870047A065 /* UserData.swift */,
				6126AD59239D713200AFB930 /* City.swift */,
				6126AD5B239D71AB00AFB930 /* List.swift */,
			);
			path = Entities;
			sourceTree = "<group>";
		};
		612F624D23973398003238A4 /* ViewControllers */ = {
			isa = PBXGroup;
			children = (
				612F621F23970FEE003238A4 /* MainViewController.swift */,
				615E4B9F239B240F003EF6FC /* LocationsViewController.swift */,
				615E4B9D239B2405003EF6FC /* SettingsViewController.swift */,
			);
			path = ViewControllers;
			sourceTree = "<group>";
		};
		612F624E239733A2003238A4 /* Views */ = {
			isa = PBXGroup;
			children = (
				611AB199239991670047A065 /* PresentWeatherView.swift */,
			);
			path = Views;
			sourceTree = "<group>";
		};
		612F624F239733AE003238A4 /* Storyboards */ = {
			isa = PBXGroup;
			children = (
				612F622623970FF0003238A4 /* LaunchScreen.storyboard */,
			);
			path = Storyboards;
			sourceTree = "<group>";
		};
		A4FABDC78F3F633F3EDFDB52 /* Pods */ = {
			isa = PBXGroup;
			children = (
				32A14AD7B3C46B96942B70E1 /* Pods-BooksyWeather.debug.xcconfig */,
				960B59B3763D8F5683A8AEF3 /* Pods-BooksyWeather.release.xcconfig */,
				1F434B10EEB75FB00D333682 /* Pods-BooksyWeather-BooksyWeatherUITests.debug.xcconfig */,
				0BB9CD3C0D10166DD6E20086 /* Pods-BooksyWeather-BooksyWeatherUITests.release.xcconfig */,
				A41DFD893BD05E95DE59F520 /* Pods-BooksyWeatherTests.debug.xcconfig */,
				298ADFCC22C3AA951369ED83 /* Pods-BooksyWeatherTests.release.xcconfig */,
			);
			path = Pods;
			sourceTree = "<group>";
		};
		F915D9A665E2C1BDD88AD53C /* Frameworks */ = {
			isa = PBXGroup;
			children = (
				8A0A9F12A1F24029AAA11364 /* Pods_BooksyWeather.framework */,
				74B863B046B3F627E2FCC2EB /* Pods_BooksyWeather_BooksyWeatherUITests.framework */,
				4AD894A8417742CC9D08A70D /* Pods_BooksyWeatherTests.framework */,
			);
			name = Frameworks;
			sourceTree = "<group>";
		};
/* End PBXGroup section */

/* Begin PBXNativeTarget section */
		612F621723970FEE003238A4 /* BooksyWeather */ = {
			isa = PBXNativeTarget;
			buildConfigurationList = 612F624223970FF0003238A4 /* Build configuration list for PBXNativeTarget "BooksyWeather" */;
			buildPhases = (
				D41C590702A9BB2F1090E2C3 /* [CP] Check Pods Manifest.lock */,
				612F621423970FEE003238A4 /* Sources */,
				612F621523970FEE003238A4 /* Frameworks */,
				612F621623970FEE003238A4 /* Resources */,
				1F6F09A05C136B6E96FADD79 /* [CP] Embed Pods Frameworks */,
			);
			buildRules = (
			);
			dependencies = (
			);
			name = BooksyWeather;
			productName = BooksyWeather;
			productReference = 612F621823970FEE003238A4 /* BooksyWeather.app */;
			productType = "com.apple.product-type.application";
		};
		612F622D23970FF0003238A4 /* BooksyWeatherTests */ = {
			isa = PBXNativeTarget;
			buildConfigurationList = 612F624523970FF0003238A4 /* Build configuration list for PBXNativeTarget "BooksyWeatherTests" */;
			buildPhases = (
				965D2A0CD07D673E373F89DC /* [CP] Check Pods Manifest.lock */,
				612F622A23970FF0003238A4 /* Sources */,
				612F622B23970FF0003238A4 /* Frameworks */,
				612F622C23970FF0003238A4 /* Resources */,
			);
			buildRules = (
			);
			dependencies = (
				612F623023970FF0003238A4 /* PBXTargetDependency */,
			);
			name = BooksyWeatherTests;
			productName = BooksyWeatherTests;
			productReference = 612F622E23970FF0003238A4 /* BooksyWeatherTests.xctest */;
			productType = "com.apple.product-type.bundle.unit-test";
		};
		612F623823970FF0003238A4 /* BooksyWeatherUITests */ = {
			isa = PBXNativeTarget;
			buildConfigurationList = 612F624823970FF0003238A4 /* Build configuration list for PBXNativeTarget "BooksyWeatherUITests" */;
			buildPhases = (
				29DBA89AB6F3F8D0D0FE15A0 /* [CP] Check Pods Manifest.lock */,
				612F623523970FF0003238A4 /* Sources */,
				612F623623970FF0003238A4 /* Frameworks */,
				612F623723970FF0003238A4 /* Resources */,
				A88C0138F17E7207766D1155 /* [CP] Embed Pods Frameworks */,
			);
			buildRules = (
			);
			dependencies = (
				612F623B23970FF0003238A4 /* PBXTargetDependency */,
			);
			name = BooksyWeatherUITests;
			productName = BooksyWeatherUITests;
			productReference = 612F623923970FF0003238A4 /* BooksyWeatherUITests.xctest */;
			productType = "com.apple.product-type.bundle.ui-testing";
		};
/* End PBXNativeTarget section */

/* Begin PBXProject section */
		612F621023970FEE003238A4 /* Project object */ = {
			isa = PBXProject;
			attributes = {
				LastSwiftUpdateCheck = 1120;
				LastUpgradeCheck = 1120;
				ORGANIZATIONNAME = "Marko Polietaiev";
				TargetAttributes = {
					612F621723970FEE003238A4 = {
						CreatedOnToolsVersion = 11.2.1;
					};
					612F622D23970FF0003238A4 = {
						CreatedOnToolsVersion = 11.2.1;
						TestTargetID = 612F621723970FEE003238A4;
					};
					612F623823970FF0003238A4 = {
						CreatedOnToolsVersion = 11.2.1;
						TestTargetID = 612F621723970FEE003238A4;
					};
				};
			};
			buildConfigurationList = 612F621323970FEE003238A4 /* Build configuration list for PBXProject "BooksyWeather" */;
			compatibilityVersion = "Xcode 9.3";
			developmentRegion = en;
			hasScannedForEncodings = 0;
			knownRegions = (
				en,
				Base,
			);
			mainGroup = 612F620F23970FEE003238A4;
			productRefGroup = 612F621923970FEE003238A4 /* Products */;
			projectDirPath = "";
			projectRoot = "";
			targets = (
				612F621723970FEE003238A4 /* BooksyWeather */,
				612F622D23970FF0003238A4 /* BooksyWeatherTests */,
				612F623823970FF0003238A4 /* BooksyWeatherUITests */,
			);
		};
/* End PBXProject section */

/* Begin PBXResourcesBuildPhase section */
		612F621623970FEE003238A4 /* Resources */ = {
			isa = PBXResourcesBuildPhase;
			buildActionMask = 2147483647;
			files = (
				612F622823970FF0003238A4 /* LaunchScreen.storyboard in Resources */,
				612F622523970FF0003238A4 /* Assets.xcassets in Resources */,
			);
			runOnlyForDeploymentPostprocessing = 0;
		};
		612F622C23970FF0003238A4 /* Resources */ = {
			isa = PBXResourcesBuildPhase;
			buildActionMask = 2147483647;
			files = (
			);
			runOnlyForDeploymentPostprocessing = 0;
		};
		612F623723970FF0003238A4 /* Resources */ = {
			isa = PBXResourcesBuildPhase;
			buildActionMask = 2147483647;
			files = (
			);
			runOnlyForDeploymentPostprocessing = 0;
		};
/* End PBXResourcesBuildPhase section */

/* Begin PBXShellScriptBuildPhase section */
		1F6F09A05C136B6E96FADD79 /* [CP] Embed Pods Frameworks */ = {
			isa = PBXShellScriptBuildPhase;
			buildActionMask = 2147483647;
			files = (
			);
			inputFileListPaths = (
				"${PODS_ROOT}/Target Support Files/Pods-BooksyWeather/Pods-BooksyWeather-frameworks-${CONFIGURATION}-input-files.xcfilelist",
			);
			name = "[CP] Embed Pods Frameworks";
			outputFileListPaths = (
				"${PODS_ROOT}/Target Support Files/Pods-BooksyWeather/Pods-BooksyWeather-frameworks-${CONFIGURATION}-output-files.xcfilelist",
			);
			runOnlyForDeploymentPostprocessing = 0;
			shellPath = /bin/sh;
			shellScript = "\"${PODS_ROOT}/Target Support Files/Pods-BooksyWeather/Pods-BooksyWeather-frameworks.sh\"\n";
			showEnvVarsInLog = 0;
		};
		29DBA89AB6F3F8D0D0FE15A0 /* [CP] Check Pods Manifest.lock */ = {
			isa = PBXShellScriptBuildPhase;
			buildActionMask = 2147483647;
			files = (
			);
			inputFileListPaths = (
			);
			inputPaths = (
				"${PODS_PODFILE_DIR_PATH}/Podfile.lock",
				"${PODS_ROOT}/Manifest.lock",
			);
			name = "[CP] Check Pods Manifest.lock";
			outputFileListPaths = (
			);
			outputPaths = (
				"$(DERIVED_FILE_DIR)/Pods-BooksyWeather-BooksyWeatherUITests-checkManifestLockResult.txt",
			);
			runOnlyForDeploymentPostprocessing = 0;
			shellPath = /bin/sh;
			shellScript = "diff \"${PODS_PODFILE_DIR_PATH}/Podfile.lock\" \"${PODS_ROOT}/Manifest.lock\" > /dev/null\nif [ $? != 0 ] ; then\n    # print error to STDERR\n    echo \"error: The sandbox is not in sync with the Podfile.lock. Run 'pod install' or update your CocoaPods installation.\" >&2\n    exit 1\nfi\n# This output is used by Xcode 'outputs' to avoid re-running this script phase.\necho \"SUCCESS\" > \"${SCRIPT_OUTPUT_FILE_0}\"\n";
			showEnvVarsInLog = 0;
		};
		965D2A0CD07D673E373F89DC /* [CP] Check Pods Manifest.lock */ = {
			isa = PBXShellScriptBuildPhase;
			buildActionMask = 2147483647;
			files = (
			);
			inputFileListPaths = (
			);
			inputPaths = (
				"${PODS_PODFILE_DIR_PATH}/Podfile.lock",
				"${PODS_ROOT}/Manifest.lock",
			);
			name = "[CP] Check Pods Manifest.lock";
			outputFileListPaths = (
			);
			outputPaths = (
				"$(DERIVED_FILE_DIR)/Pods-BooksyWeatherTests-checkManifestLockResult.txt",
			);
			runOnlyForDeploymentPostprocessing = 0;
			shellPath = /bin/sh;
			shellScript = "diff \"${PODS_PODFILE_DIR_PATH}/Podfile.lock\" \"${PODS_ROOT}/Manifest.lock\" > /dev/null\nif [ $? != 0 ] ; then\n    # print error to STDERR\n    echo \"error: The sandbox is not in sync with the Podfile.lock. Run 'pod install' or update your CocoaPods installation.\" >&2\n    exit 1\nfi\n# This output is used by Xcode 'outputs' to avoid re-running this script phase.\necho \"SUCCESS\" > \"${SCRIPT_OUTPUT_FILE_0}\"\n";
			showEnvVarsInLog = 0;
		};
		A88C0138F17E7207766D1155 /* [CP] Embed Pods Frameworks */ = {
			isa = PBXShellScriptBuildPhase;
			buildActionMask = 2147483647;
			files = (
			);
			inputFileListPaths = (
				"${PODS_ROOT}/Target Support Files/Pods-BooksyWeather-BooksyWeatherUITests/Pods-BooksyWeather-BooksyWeatherUITests-frameworks-${CONFIGURATION}-input-files.xcfilelist",
			);
			name = "[CP] Embed Pods Frameworks";
			outputFileListPaths = (
				"${PODS_ROOT}/Target Support Files/Pods-BooksyWeather-BooksyWeatherUITests/Pods-BooksyWeather-BooksyWeatherUITests-frameworks-${CONFIGURATION}-output-files.xcfilelist",
			);
			runOnlyForDeploymentPostprocessing = 0;
			shellPath = /bin/sh;
			shellScript = "\"${PODS_ROOT}/Target Support Files/Pods-BooksyWeather-BooksyWeatherUITests/Pods-BooksyWeather-BooksyWeatherUITests-frameworks.sh\"\n";
			showEnvVarsInLog = 0;
		};
		D41C590702A9BB2F1090E2C3 /* [CP] Check Pods Manifest.lock */ = {
			isa = PBXShellScriptBuildPhase;
			buildActionMask = 2147483647;
			files = (
			);
			inputFileListPaths = (
			);
			inputPaths = (
				"${PODS_PODFILE_DIR_PATH}/Podfile.lock",
				"${PODS_ROOT}/Manifest.lock",
			);
			name = "[CP] Check Pods Manifest.lock";
			outputFileListPaths = (
			);
			outputPaths = (
				"$(DERIVED_FILE_DIR)/Pods-BooksyWeather-checkManifestLockResult.txt",
			);
			runOnlyForDeploymentPostprocessing = 0;
			shellPath = /bin/sh;
			shellScript = "diff \"${PODS_PODFILE_DIR_PATH}/Podfile.lock\" \"${PODS_ROOT}/Manifest.lock\" > /dev/null\nif [ $? != 0 ] ; then\n    # print error to STDERR\n    echo \"error: The sandbox is not in sync with the Podfile.lock. Run 'pod install' or update your CocoaPods installation.\" >&2\n    exit 1\nfi\n# This output is used by Xcode 'outputs' to avoid re-running this script phase.\necho \"SUCCESS\" > \"${SCRIPT_OUTPUT_FILE_0}\"\n";
			showEnvVarsInLog = 0;
		};
/* End PBXShellScriptBuildPhase section */

/* Begin PBXSourcesBuildPhase section */
		612F621423970FEE003238A4 /* Sources */ = {
			isa = PBXSourcesBuildPhase;
			buildActionMask = 2147483647;
			files = (
				6126AD52239D592E00AFB930 /* Main.swift in Sources */,
				6126AD56239D595500AFB930 /* Weather.swift in Sources */,
				611AB19A239991670047A065 /* PresentWeatherView.swift in Sources */,
				615E4BA0239B240F003EF6FC /* LocationsViewController.swift in Sources */,
				6126AD54239D594500AFB930 /* Sys.swift in Sources */,
				611AB19823981A5B0047A065 /* NetworkManager.swift in Sources */,
				6126AD4E239D58F700AFB930 /* Clouds.swift in Sources */,
				611AB1A123999C870047A065 /* UserData.swift in Sources */,
				612F622023970FEE003238A4 /* MainViewController.swift in Sources */,
				612F621C23970FEE003238A4 /* AppDelegate.swift in Sources */,
				6126AD50239D591500AFB930 /* Coord.swift in Sources */,
				6126AD58239D596900AFB930 /* Wind.swift in Sources */,
				611AB19C23999A2A0047A065 /* Location.swift in Sources */,
				6126AD5C239D71AB00AFB930 /* List.swift in Sources */,
				615E4BA2239B242A003EF6FC /* LocationsViewModel.swift in Sources */,
				612F621E23970FEE003238A4 /* SceneDelegate.swift in Sources */,
				615E4B9C239B17F3003EF6FC /* MainViewModel.swift in Sources */,
				615E4B9E239B2405003EF6FC /* SettingsViewController.swift in Sources */,
				6126AD5A239D713200AFB930 /* City.swift in Sources */,
				615E4BA4239B243B003EF6FC /* SettingsViewModel.swift in Sources */,
			);
			runOnlyForDeploymentPostprocessing = 0;
		};
		612F622A23970FF0003238A4 /* Sources */ = {
			isa = PBXSourcesBuildPhase;
			buildActionMask = 2147483647;
			files = (
				612F623323970FF0003238A4 /* BooksyWeatherTests.swift in Sources */,
			);
			runOnlyForDeploymentPostprocessing = 0;
		};
		612F623523970FF0003238A4 /* Sources */ = {
			isa = PBXSourcesBuildPhase;
			buildActionMask = 2147483647;
			files = (
				612F623E23970FF0003238A4 /* BooksyWeatherUITests.swift in Sources */,
			);
			runOnlyForDeploymentPostprocessing = 0;
		};
/* End PBXSourcesBuildPhase section */

/* Begin PBXTargetDependency section */
		612F623023970FF0003238A4 /* PBXTargetDependency */ = {
			isa = PBXTargetDependency;
			target = 612F621723970FEE003238A4 /* BooksyWeather */;
			targetProxy = 612F622F23970FF0003238A4 /* PBXContainerItemProxy */;
		};
		612F623B23970FF0003238A4 /* PBXTargetDependency */ = {
			isa = PBXTargetDependency;
			target = 612F621723970FEE003238A4 /* BooksyWeather */;
			targetProxy = 612F623A23970FF0003238A4 /* PBXContainerItemProxy */;
		};
/* End PBXTargetDependency section */

/* Begin PBXVariantGroup section */
		612F622623970FF0003238A4 /* LaunchScreen.storyboard */ = {
			isa = PBXVariantGroup;
			children = (
				612F622723970FF0003238A4 /* Base */,
			);
			name = LaunchScreen.storyboard;
			sourceTree = "<group>";
		};
/* End PBXVariantGroup section */

/* Begin XCBuildConfiguration section */
		612F624023970FF0003238A4 /* Debug */ = {
			isa = XCBuildConfiguration;
			buildSettings = {
				ALWAYS_SEARCH_USER_PATHS = NO;
				CLANG_ANALYZER_NONNULL = YES;
				CLANG_ANALYZER_NUMBER_OBJECT_CONVERSION = YES_AGGRESSIVE;
				CLANG_CXX_LANGUAGE_STANDARD = "gnu++14";
				CLANG_CXX_LIBRARY = "libc++";
				CLANG_ENABLE_MODULES = YES;
				CLANG_ENABLE_OBJC_ARC = YES;
				CLANG_ENABLE_OBJC_WEAK = YES;
				CLANG_WARN_BLOCK_CAPTURE_AUTORELEASING = YES;
				CLANG_WARN_BOOL_CONVERSION = YES;
				CLANG_WARN_COMMA = YES;
				CLANG_WARN_CONSTANT_CONVERSION = YES;
				CLANG_WARN_DEPRECATED_OBJC_IMPLEMENTATIONS = YES;
				CLANG_WARN_DIRECT_OBJC_ISA_USAGE = YES_ERROR;
				CLANG_WARN_DOCUMENTATION_COMMENTS = YES;
				CLANG_WARN_EMPTY_BODY = YES;
				CLANG_WARN_ENUM_CONVERSION = YES;
				CLANG_WARN_INFINITE_RECURSION = YES;
				CLANG_WARN_INT_CONVERSION = YES;
				CLANG_WARN_NON_LITERAL_NULL_CONVERSION = YES;
				CLANG_WARN_OBJC_IMPLICIT_RETAIN_SELF = YES;
				CLANG_WARN_OBJC_LITERAL_CONVERSION = YES;
				CLANG_WARN_OBJC_ROOT_CLASS = YES_ERROR;
				CLANG_WARN_RANGE_LOOP_ANALYSIS = YES;
				CLANG_WARN_STRICT_PROTOTYPES = YES;
				CLANG_WARN_SUSPICIOUS_MOVE = YES;
				CLANG_WARN_UNGUARDED_AVAILABILITY = YES_AGGRESSIVE;
				CLANG_WARN_UNREACHABLE_CODE = YES;
				CLANG_WARN__DUPLICATE_METHOD_MATCH = YES;
				COPY_PHASE_STRIP = NO;
				DEBUG_INFORMATION_FORMAT = dwarf;
				ENABLE_STRICT_OBJC_MSGSEND = YES;
				ENABLE_TESTABILITY = YES;
				GCC_C_LANGUAGE_STANDARD = gnu11;
				GCC_DYNAMIC_NO_PIC = NO;
				GCC_NO_COMMON_BLOCKS = YES;
				GCC_OPTIMIZATION_LEVEL = 0;
				GCC_PREPROCESSOR_DEFINITIONS = (
					"DEBUG=1",
					"$(inherited)",
				);
				GCC_WARN_64_TO_32_BIT_CONVERSION = YES;
				GCC_WARN_ABOUT_RETURN_TYPE = YES_ERROR;
				GCC_WARN_UNDECLARED_SELECTOR = YES;
				GCC_WARN_UNINITIALIZED_AUTOS = YES_AGGRESSIVE;
				GCC_WARN_UNUSED_FUNCTION = YES;
				GCC_WARN_UNUSED_VARIABLE = YES;
				IPHONEOS_DEPLOYMENT_TARGET = 13.2;
				MTL_ENABLE_DEBUG_INFO = INCLUDE_SOURCE;
				MTL_FAST_MATH = YES;
				ONLY_ACTIVE_ARCH = YES;
				SDKROOT = iphoneos;
				SWIFT_ACTIVE_COMPILATION_CONDITIONS = DEBUG;
				SWIFT_OPTIMIZATION_LEVEL = "-Onone";
			};
			name = Debug;
		};
		612F624123970FF0003238A4 /* Release */ = {
			isa = XCBuildConfiguration;
			buildSettings = {
				ALWAYS_SEARCH_USER_PATHS = NO;
				CLANG_ANALYZER_NONNULL = YES;
				CLANG_ANALYZER_NUMBER_OBJECT_CONVERSION = YES_AGGRESSIVE;
				CLANG_CXX_LANGUAGE_STANDARD = "gnu++14";
				CLANG_CXX_LIBRARY = "libc++";
				CLANG_ENABLE_MODULES = YES;
				CLANG_ENABLE_OBJC_ARC = YES;
				CLANG_ENABLE_OBJC_WEAK = YES;
				CLANG_WARN_BLOCK_CAPTURE_AUTORELEASING = YES;
				CLANG_WARN_BOOL_CONVERSION = YES;
				CLANG_WARN_COMMA = YES;
				CLANG_WARN_CONSTANT_CONVERSION = YES;
				CLANG_WARN_DEPRECATED_OBJC_IMPLEMENTATIONS = YES;
				CLANG_WARN_DIRECT_OBJC_ISA_USAGE = YES_ERROR;
				CLANG_WARN_DOCUMENTATION_COMMENTS = YES;
				CLANG_WARN_EMPTY_BODY = YES;
				CLANG_WARN_ENUM_CONVERSION = YES;
				CLANG_WARN_INFINITE_RECURSION = YES;
				CLANG_WARN_INT_CONVERSION = YES;
				CLANG_WARN_NON_LITERAL_NULL_CONVERSION = YES;
				CLANG_WARN_OBJC_IMPLICIT_RETAIN_SELF = YES;
				CLANG_WARN_OBJC_LITERAL_CONVERSION = YES;
				CLANG_WARN_OBJC_ROOT_CLASS = YES_ERROR;
				CLANG_WARN_RANGE_LOOP_ANALYSIS = YES;
				CLANG_WARN_STRICT_PROTOTYPES = YES;
				CLANG_WARN_SUSPICIOUS_MOVE = YES;
				CLANG_WARN_UNGUARDED_AVAILABILITY = YES_AGGRESSIVE;
				CLANG_WARN_UNREACHABLE_CODE = YES;
				CLANG_WARN__DUPLICATE_METHOD_MATCH = YES;
				COPY_PHASE_STRIP = NO;
				DEBUG_INFORMATION_FORMAT = "dwarf-with-dsym";
				ENABLE_NS_ASSERTIONS = NO;
				ENABLE_STRICT_OBJC_MSGSEND = YES;
				GCC_C_LANGUAGE_STANDARD = gnu11;
				GCC_NO_COMMON_BLOCKS = YES;
				GCC_WARN_64_TO_32_BIT_CONVERSION = YES;
				GCC_WARN_ABOUT_RETURN_TYPE = YES_ERROR;
				GCC_WARN_UNDECLARED_SELECTOR = YES;
				GCC_WARN_UNINITIALIZED_AUTOS = YES_AGGRESSIVE;
				GCC_WARN_UNUSED_FUNCTION = YES;
				GCC_WARN_UNUSED_VARIABLE = YES;
				IPHONEOS_DEPLOYMENT_TARGET = 13.2;
				MTL_ENABLE_DEBUG_INFO = NO;
				MTL_FAST_MATH = YES;
				SDKROOT = iphoneos;
				SWIFT_COMPILATION_MODE = wholemodule;
				SWIFT_OPTIMIZATION_LEVEL = "-O";
				VALIDATE_PRODUCT = YES;
			};
			name = Release;
		};
		612F624323970FF0003238A4 /* Debug */ = {
			isa = XCBuildConfiguration;
			baseConfigurationReference = 32A14AD7B3C46B96942B70E1 /* Pods-BooksyWeather.debug.xcconfig */;
			buildSettings = {
				ASSETCATALOG_COMPILER_APPICON_NAME = AppIcon;
				CODE_SIGN_STYLE = Automatic;
				DEVELOPMENT_TEAM = 3RZFH7U359;
				INFOPLIST_FILE = BooksyWeather/Info.plist;
				IPHONEOS_DEPLOYMENT_TARGET = 13.0;
				LD_RUNPATH_SEARCH_PATHS = (
					"$(inherited)",
					"@executable_path/Frameworks",
				);
				PRODUCT_BUNDLE_IDENTIFIER = com.markopolietaiev.BooksyWeather;
				PRODUCT_NAME = "$(TARGET_NAME)";
				SWIFT_VERSION = 5.0;
				TARGETED_DEVICE_FAMILY = "1,2";
			};
			name = Debug;
		};
		612F624423970FF0003238A4 /* Release */ = {
			isa = XCBuildConfiguration;
			baseConfigurationReference = 960B59B3763D8F5683A8AEF3 /* Pods-BooksyWeather.release.xcconfig */;
			buildSettings = {
				ASSETCATALOG_COMPILER_APPICON_NAME = AppIcon;
				CODE_SIGN_STYLE = Automatic;
				DEVELOPMENT_TEAM = 3RZFH7U359;
				INFOPLIST_FILE = BooksyWeather/Info.plist;
				IPHONEOS_DEPLOYMENT_TARGET = 13.0;
				LD_RUNPATH_SEARCH_PATHS = (
					"$(inherited)",
					"@executable_path/Frameworks",
				);
				PRODUCT_BUNDLE_IDENTIFIER = com.markopolietaiev.BooksyWeather;
				PRODUCT_NAME = "$(TARGET_NAME)";
				SWIFT_VERSION = 5.0;
				TARGETED_DEVICE_FAMILY = "1,2";
			};
			name = Release;
		};
		612F624623970FF0003238A4 /* Debug */ = {
			isa = XCBuildConfiguration;
			baseConfigurationReference = A41DFD893BD05E95DE59F520 /* Pods-BooksyWeatherTests.debug.xcconfig */;
			buildSettings = {
				ALWAYS_EMBED_SWIFT_STANDARD_LIBRARIES = YES;
				BUNDLE_LOADER = "$(TEST_HOST)";
				CODE_SIGN_STYLE = Automatic;
				DEVELOPMENT_TEAM = 3RZFH7U359;
				INFOPLIST_FILE = BooksyWeatherTests/Info.plist;
				IPHONEOS_DEPLOYMENT_TARGET = 13.2;
				LD_RUNPATH_SEARCH_PATHS = (
					"$(inherited)",
					"@executable_path/Frameworks",
					"@loader_path/Frameworks",
				);
				PRODUCT_BUNDLE_IDENTIFIER = com.markopolietaiev.BooksyWeatherTests;
				PRODUCT_NAME = "$(TARGET_NAME)";
				SWIFT_VERSION = 5.0;
				TARGETED_DEVICE_FAMILY = "1,2";
				TEST_HOST = "$(BUILT_PRODUCTS_DIR)/BooksyWeather.app/BooksyWeather";
			};
			name = Debug;
		};
		612F624723970FF0003238A4 /* Release */ = {
			isa = XCBuildConfiguration;
			baseConfigurationReference = 298ADFCC22C3AA951369ED83 /* Pods-BooksyWeatherTests.release.xcconfig */;
			buildSettings = {
				ALWAYS_EMBED_SWIFT_STANDARD_LIBRARIES = YES;
				BUNDLE_LOADER = "$(TEST_HOST)";
				CODE_SIGN_STYLE = Automatic;
				DEVELOPMENT_TEAM = 3RZFH7U359;
				INFOPLIST_FILE = BooksyWeatherTests/Info.plist;
				IPHONEOS_DEPLOYMENT_TARGET = 13.2;
				LD_RUNPATH_SEARCH_PATHS = (
					"$(inherited)",
					"@executable_path/Frameworks",
					"@loader_path/Frameworks",
				);
				PRODUCT_BUNDLE_IDENTIFIER = com.markopolietaiev.BooksyWeatherTests;
				PRODUCT_NAME = "$(TARGET_NAME)";
				SWIFT_VERSION = 5.0;
				TARGETED_DEVICE_FAMILY = "1,2";
				TEST_HOST = "$(BUILT_PRODUCTS_DIR)/BooksyWeather.app/BooksyWeather";
			};
			name = Release;
		};
		612F624923970FF0003238A4 /* Debug */ = {
			isa = XCBuildConfiguration;
			baseConfigurationReference = 1F434B10EEB75FB00D333682 /* Pods-BooksyWeather-BooksyWeatherUITests.debug.xcconfig */;
			buildSettings = {
				ALWAYS_EMBED_SWIFT_STANDARD_LIBRARIES = YES;
				CODE_SIGN_STYLE = Automatic;
				DEVELOPMENT_TEAM = 3RZFH7U359;
				INFOPLIST_FILE = BooksyWeatherUITests/Info.plist;
				LD_RUNPATH_SEARCH_PATHS = (
					"$(inherited)",
					"@executable_path/Frameworks",
					"@loader_path/Frameworks",
				);
				PRODUCT_BUNDLE_IDENTIFIER = com.markopolietaiev.BooksyWeatherUITests;
				PRODUCT_NAME = "$(TARGET_NAME)";
				SWIFT_VERSION = 5.0;
				TARGETED_DEVICE_FAMILY = "1,2";
				TEST_TARGET_NAME = BooksyWeather;
			};
			name = Debug;
		};
		612F624A23970FF0003238A4 /* Release */ = {
			isa = XCBuildConfiguration;
			baseConfigurationReference = 0BB9CD3C0D10166DD6E20086 /* Pods-BooksyWeather-BooksyWeatherUITests.release.xcconfig */;
			buildSettings = {
				ALWAYS_EMBED_SWIFT_STANDARD_LIBRARIES = YES;
				CODE_SIGN_STYLE = Automatic;
				DEVELOPMENT_TEAM = 3RZFH7U359;
				INFOPLIST_FILE = BooksyWeatherUITests/Info.plist;
				LD_RUNPATH_SEARCH_PATHS = (
					"$(inherited)",
					"@executable_path/Frameworks",
					"@loader_path/Frameworks",
				);
				PRODUCT_BUNDLE_IDENTIFIER = com.markopolietaiev.BooksyWeatherUITests;
				PRODUCT_NAME = "$(TARGET_NAME)";
				SWIFT_VERSION = 5.0;
				TARGETED_DEVICE_FAMILY = "1,2";
				TEST_TARGET_NAME = BooksyWeather;
			};
			name = Release;
		};
/* End XCBuildConfiguration section */

/* Begin XCConfigurationList section */
		612F621323970FEE003238A4 /* Build configuration list for PBXProject "BooksyWeather" */ = {
			isa = XCConfigurationList;
			buildConfigurations = (
				612F624023970FF0003238A4 /* Debug */,
				612F624123970FF0003238A4 /* Release */,
			);
			defaultConfigurationIsVisible = 0;
			defaultConfigurationName = Release;
		};
		612F624223970FF0003238A4 /* Build configuration list for PBXNativeTarget "BooksyWeather" */ = {
			isa = XCConfigurationList;
			buildConfigurations = (
				612F624323970FF0003238A4 /* Debug */,
				612F624423970FF0003238A4 /* Release */,
			);
			defaultConfigurationIsVisible = 0;
			defaultConfigurationName = Release;
		};
		612F624523970FF0003238A4 /* Build configuration list for PBXNativeTarget "BooksyWeatherTests" */ = {
			isa = XCConfigurationList;
			buildConfigurations = (
				612F624623970FF0003238A4 /* Debug */,
				612F624723970FF0003238A4 /* Release */,
			);
			defaultConfigurationIsVisible = 0;
			defaultConfigurationName = Release;
		};
		612F624823970FF0003238A4 /* Build configuration list for PBXNativeTarget "BooksyWeatherUITests" */ = {
			isa = XCConfigurationList;
			buildConfigurations = (
				612F624923970FF0003238A4 /* Debug */,
				612F624A23970FF0003238A4 /* Release */,
			);
			defaultConfigurationIsVisible = 0;
			defaultConfigurationName = Release;
		};
/* End XCConfigurationList section */
	};
	rootObject = 612F621023970FEE003238A4 /* Project object */;
}
